// !$*UTF8*$!
{
	archiveVersion = 1;
	classes = {
	};
	objectVersion = 46;
	objects = {

/* Begin PBXBuildFile section */
		EB049EDF1CC96CE4007F836E /* StackedDrafts.h in Headers */ = {isa = PBXBuildFile; fileRef = EB049EDE1CC96CE4007F836E /* StackedDrafts.h */; settings = {ATTRIBUTES = (Public, ); }; };
		EB049F071CC970E5007F836E /* DraftPresentationController.swift in Sources */ = {isa = PBXBuildFile; fileRef = EB049F061CC970E5007F836E /* DraftPresentationController.swift */; };
		EB049F091CC97130007F836E /* DraftTransitioningDelegate.swift in Sources */ = {isa = PBXBuildFile; fileRef = EB049F081CC97130007F836E /* DraftTransitioningDelegate.swift */; };
		EB049F0F1CC97235007F836E /* DraftDismissalAnimatedTransitioning.swift in Sources */ = {isa = PBXBuildFile; fileRef = EB049F0E1CC97235007F836E /* DraftDismissalAnimatedTransitioning.swift */; };
		EB049F111CC977B8007F836E /* OpenDraftsIndicatorView.contentView.xib in Resources */ = {isa = PBXBuildFile; fileRef = EB049F101CC977B8007F836E /* OpenDraftsIndicatorView.contentView.xib */; };
		EB049F131CC97809007F836E /* OpenDraftsIndicatorView.swift in Sources */ = {isa = PBXBuildFile; fileRef = EB049F121CC97809007F836E /* OpenDraftsIndicatorView.swift */; };
		EB049F151CC97BAB007F836E /* NSLayoutConstraint.swift in Sources */ = {isa = PBXBuildFile; fileRef = EB049F141CC97BAB007F836E /* NSLayoutConstraint.swift */; };
		EB049F171CC97EB3007F836E /* OpenDraftsManager.swift in Sources */ = {isa = PBXBuildFile; fileRef = EB049F161CC97EB3007F836E /* OpenDraftsManager.swift */; };
		EB049F1C1CCE8203007F836E /* OpenDraftHeaderOverlayView.contentView.xib in Resources */ = {isa = PBXBuildFile; fileRef = EB049F1B1CCE8203007F836E /* OpenDraftHeaderOverlayView.contentView.xib */; };
		EB049F1E1CCE8291007F836E /* OpenDraftHeaderOverlayView.swift in Sources */ = {isa = PBXBuildFile; fileRef = EB049F1D1CCE8291007F836E /* OpenDraftHeaderOverlayView.swift */; };
		EB049F201CCE8F0D007F836E /* SingleDraftPresentationAnimatedTransitioning.swift in Sources */ = {isa = PBXBuildFile; fileRef = EB049F1F1CCE8F0D007F836E /* SingleDraftPresentationAnimatedTransitioning.swift */; };
		EB049F231CCEA049007F836E /* OpenDraftSelectorViewController.swift in Sources */ = {isa = PBXBuildFile; fileRef = EB049F211CCEA049007F836E /* OpenDraftSelectorViewController.swift */; };
		EB049F2A1CCEB86D007F836E /* OpenDraftCollectionViewCell.swift in Sources */ = {isa = PBXBuildFile; fileRef = EB049F281CCEB86D007F836E /* OpenDraftCollectionViewCell.swift */; };
		EB049F2B1CCEB86D007F836E /* OpenDraftCollectionViewCell.xib in Resources */ = {isa = PBXBuildFile; fileRef = EB049F291CCEB86D007F836E /* OpenDraftCollectionViewCell.xib */; };
		EB049F2D1CCFF515007F836E /* PresenterSelectedLayout.swift in Sources */ = {isa = PBXBuildFile; fileRef = EB049F2C1CCFF515007F836E /* PresenterSelectedLayout.swift */; };
		EB049F2F1CCFF53D007F836E /* DraftSelectedCollectionViewLayout.swift in Sources */ = {isa = PBXBuildFile; fileRef = EB049F2E1CCFF53D007F836E /* DraftSelectedCollectionViewLayout.swift */; };
		EB049F311CCFF56F007F836E /* AllDraftsCollectionViewLayout.swift in Sources */ = {isa = PBXBuildFile; fileRef = EB049F301CCFF56F007F836E /* AllDraftsCollectionViewLayout.swift */; };
		EB049F3C1CD17E23007F836E /* NSCoder.swift in Sources */ = {isa = PBXBuildFile; fileRef = EB049F3B1CD17E23007F836E /* NSCoder.swift */; };
/* End PBXBuildFile section */

/* Begin PBXFileReference section */
		EB049EDB1CC96CE4007F836E /* StackedDrafts.framework */ = {isa = PBXFileReference; explicitFileType = wrapper.framework; includeInIndex = 0; path = StackedDrafts.framework; sourceTree = BUILT_PRODUCTS_DIR; };
		EB049EDE1CC96CE4007F836E /* StackedDrafts.h */ = {isa = PBXFileReference; lastKnownFileType = sourcecode.c.h; path = StackedDrafts.h; sourceTree = "<group>"; };
		EB049EE01CC96CE4007F836E /* Info.plist */ = {isa = PBXFileReference; lastKnownFileType = text.plist.xml; path = Info.plist; sourceTree = "<group>"; };
		EB049F061CC970E5007F836E /* DraftPresentationController.swift */ = {isa = PBXFileReference; fileEncoding = 4; lastKnownFileType = sourcecode.swift; path = DraftPresentationController.swift; sourceTree = "<group>"; };
		EB049F081CC97130007F836E /* DraftTransitioningDelegate.swift */ = {isa = PBXFileReference; fileEncoding = 4; lastKnownFileType = sourcecode.swift; path = DraftTransitioningDelegate.swift; sourceTree = "<group>"; };
		EB049F0E1CC97235007F836E /* DraftDismissalAnimatedTransitioning.swift */ = {isa = PBXFileReference; fileEncoding = 4; lastKnownFileType = sourcecode.swift; path = DraftDismissalAnimatedTransitioning.swift; sourceTree = "<group>"; };
		EB049F101CC977B8007F836E /* OpenDraftsIndicatorView.contentView.xib */ = {isa = PBXFileReference; fileEncoding = 4; lastKnownFileType = file.xib; path = OpenDraftsIndicatorView.contentView.xib; sourceTree = "<group>"; };
		EB049F121CC97809007F836E /* OpenDraftsIndicatorView.swift */ = {isa = PBXFileReference; fileEncoding = 4; lastKnownFileType = sourcecode.swift; path = OpenDraftsIndicatorView.swift; sourceTree = "<group>"; };
		EB049F141CC97BAB007F836E /* NSLayoutConstraint.swift */ = {isa = PBXFileReference; fileEncoding = 4; lastKnownFileType = sourcecode.swift; path = NSLayoutConstraint.swift; sourceTree = "<group>"; };
		EB049F161CC97EB3007F836E /* OpenDraftsManager.swift */ = {isa = PBXFileReference; fileEncoding = 4; lastKnownFileType = sourcecode.swift; path = OpenDraftsManager.swift; sourceTree = "<group>"; };
		EB049F1B1CCE8203007F836E /* OpenDraftHeaderOverlayView.contentView.xib */ = {isa = PBXFileReference; fileEncoding = 4; lastKnownFileType = file.xib; path = OpenDraftHeaderOverlayView.contentView.xib; sourceTree = "<group>"; };
		EB049F1D1CCE8291007F836E /* OpenDraftHeaderOverlayView.swift */ = {isa = PBXFileReference; fileEncoding = 4; lastKnownFileType = sourcecode.swift; path = OpenDraftHeaderOverlayView.swift; sourceTree = "<group>"; };
		EB049F1F1CCE8F0D007F836E /* SingleDraftPresentationAnimatedTransitioning.swift */ = {isa = PBXFileReference; fileEncoding = 4; lastKnownFileType = sourcecode.swift; path = SingleDraftPresentationAnimatedTransitioning.swift; sourceTree = "<group>"; };
		EB049F211CCEA049007F836E /* OpenDraftSelectorViewController.swift */ = {isa = PBXFileReference; fileEncoding = 4; lastKnownFileType = sourcecode.swift; path = OpenDraftSelectorViewController.swift; sourceTree = "<group>"; };
		EB049F281CCEB86D007F836E /* OpenDraftCollectionViewCell.swift */ = {isa = PBXFileReference; fileEncoding = 4; lastKnownFileType = sourcecode.swift; path = OpenDraftCollectionViewCell.swift; sourceTree = "<group>"; };
		EB049F291CCEB86D007F836E /* OpenDraftCollectionViewCell.xib */ = {isa = PBXFileReference; fileEncoding = 4; lastKnownFileType = file.xib; path = OpenDraftCollectionViewCell.xib; sourceTree = "<group>"; };
		EB049F2C1CCFF515007F836E /* PresenterSelectedLayout.swift */ = {isa = PBXFileReference; fileEncoding = 4; lastKnownFileType = sourcecode.swift; path = PresenterSelectedLayout.swift; sourceTree = "<group>"; };
		EB049F2E1CCFF53D007F836E /* DraftSelectedCollectionViewLayout.swift */ = {isa = PBXFileReference; fileEncoding = 4; lastKnownFileType = sourcecode.swift; path = DraftSelectedCollectionViewLayout.swift; sourceTree = "<group>"; };
		EB049F301CCFF56F007F836E /* AllDraftsCollectionViewLayout.swift */ = {isa = PBXFileReference; fileEncoding = 4; lastKnownFileType = sourcecode.swift; path = AllDraftsCollectionViewLayout.swift; sourceTree = "<group>"; };
		EB049F3B1CD17E23007F836E /* NSCoder.swift */ = {isa = PBXFileReference; fileEncoding = 4; lastKnownFileType = sourcecode.swift; path = NSCoder.swift; sourceTree = "<group>"; };
/* End PBXFileReference section */

/* Begin PBXFrameworksBuildPhase section */
		EB049ED71CC96CE4007F836E /* Frameworks */ = {
			isa = PBXFrameworksBuildPhase;
			buildActionMask = 2147483647;
			files = (
			);
			runOnlyForDeploymentPostprocessing = 0;
		};
/* End PBXFrameworksBuildPhase section */

/* Begin PBXGroup section */
		EB049ED11CC96CE4007F836E = {
			isa = PBXGroup;
			children = (
				EB049EDD1CC96CE4007F836E /* StackedDrafts */,
				EB049EDC1CC96CE4007F836E /* Products */,
			);
			sourceTree = "<group>";
		};
		EB049EDC1CC96CE4007F836E /* Products */ = {
			isa = PBXGroup;
			children = (
				EB049EDB1CC96CE4007F836E /* StackedDrafts.framework */,
			);
			name = Products;
			sourceTree = "<group>";
		};
		EB049EDD1CC96CE4007F836E /* StackedDrafts */ = {
			isa = PBXGroup;
			children = (
				EB049EDE1CC96CE4007F836E /* StackedDrafts.h */,
				EB049EE01CC96CE4007F836E /* Info.plist */,
				EB049F161CC97EB3007F836E /* OpenDraftsManager.swift */,
				EB049F251CCEA0DB007F836E /* Draft Presentation */,
				EB049F261CCEA10E007F836E /* Indicator Views */,
				EB049F271CCEA121007F836E /* Multiple Draft Selection */,
				EB049F1A1CC98531007F836E /* Convenience */,
			);
			path = StackedDrafts;
			sourceTree = "<group>";
		};
		EB049F1A1CC98531007F836E /* Convenience */ = {
			isa = PBXGroup;
			children = (
				EB049F141CC97BAB007F836E /* NSLayoutConstraint.swift */,
				EB049F3B1CD17E23007F836E /* NSCoder.swift */,
			);
			name = Convenience;
			sourceTree = "<group>";
		};
		EB049F251CCEA0DB007F836E /* Draft Presentation */ = {
			isa = PBXGroup;
			children = (
				EB049F081CC97130007F836E /* DraftTransitioningDelegate.swift */,
				EB049F061CC970E5007F836E /* DraftPresentationController.swift */,
				EB049F1F1CCE8F0D007F836E /* SingleDraftPresentationAnimatedTransitioning.swift */,
				EB049F0E1CC97235007F836E /* DraftDismissalAnimatedTransitioning.swift */,
			);
			name = "Draft Presentation";
			sourceTree = "<group>";
		};
		EB049F261CCEA10E007F836E /* Indicator Views */ = {
			isa = PBXGroup;
			children = (
				EB049F121CC97809007F836E /* OpenDraftsIndicatorView.swift */,
				EB049F101CC977B8007F836E /* OpenDraftsIndicatorView.contentView.xib */,
				EB049F1D1CCE8291007F836E /* OpenDraftHeaderOverlayView.swift */,
				EB049F1B1CCE8203007F836E /* OpenDraftHeaderOverlayView.contentView.xib */,
			);
			name = "Indicator Views";
			sourceTree = "<group>";
		};
		EB049F271CCEA121007F836E /* Multiple Draft Selection */ = {
			isa = PBXGroup;
			children = (
				EB049F211CCEA049007F836E /* OpenDraftSelectorViewController.swift */,
				EB049F281CCEB86D007F836E /* OpenDraftCollectionViewCell.swift */,
				EB049F291CCEB86D007F836E /* OpenDraftCollectionViewCell.xib */,
				EB049F321CCFF5D6007F836E /* Layouts */,
			);
			name = "Multiple Draft Selection";
			sourceTree = "<group>";
		};
		EB049F321CCFF5D6007F836E /* Layouts */ = {
			isa = PBXGroup;
			children = (
				EB049F301CCFF56F007F836E /* AllDraftsCollectionViewLayout.swift */,
				EB049F2C1CCFF515007F836E /* PresenterSelectedLayout.swift */,
				EB049F2E1CCFF53D007F836E /* DraftSelectedCollectionViewLayout.swift */,
			);
			name = Layouts;
			sourceTree = "<group>";
		};
/* End PBXGroup section */

/* Begin PBXHeadersBuildPhase section */
		EB049ED81CC96CE4007F836E /* Headers */ = {
			isa = PBXHeadersBuildPhase;
			buildActionMask = 2147483647;
			files = (
				EB049EDF1CC96CE4007F836E /* StackedDrafts.h in Headers */,
			);
			runOnlyForDeploymentPostprocessing = 0;
		};
/* End PBXHeadersBuildPhase section */

/* Begin PBXNativeTarget section */
		EB049EDA1CC96CE4007F836E /* StackedDrafts */ = {
			isa = PBXNativeTarget;
			buildConfigurationList = EB049EE31CC96CE4007F836E /* Build configuration list for PBXNativeTarget "StackedDrafts" */;
			buildPhases = (
				EB049ED61CC96CE4007F836E /* Sources */,
				EB049ED71CC96CE4007F836E /* Frameworks */,
				EB049ED81CC96CE4007F836E /* Headers */,
				EB049ED91CC96CE4007F836E /* Resources */,
			);
			buildRules = (
			);
			dependencies = (
			);
			name = StackedDrafts;
			productName = StackedDrafts;
			productReference = EB049EDB1CC96CE4007F836E /* StackedDrafts.framework */;
			productType = "com.apple.product-type.framework";
		};
/* End PBXNativeTarget section */

/* Begin PBXProject section */
		EB049ED21CC96CE4007F836E /* Project object */ = {
			isa = PBXProject;
			attributes = {
				LastUpgradeCheck = 0800;
				ORGANIZATIONNAME = "Stack Exchange";
				TargetAttributes = {
					EB049EDA1CC96CE4007F836E = {
						CreatedOnToolsVersion = 7.3;
						LastSwiftMigration = 0800;
					};
				};
			};
			buildConfigurationList = EB049ED51CC96CE4007F836E /* Build configuration list for PBXProject "StackedDrafts" */;
			compatibilityVersion = "Xcode 3.2";
			developmentRegion = English;
			hasScannedForEncodings = 0;
			knownRegions = (
				en,
			);
			mainGroup = EB049ED11CC96CE4007F836E;
			productRefGroup = EB049EDC1CC96CE4007F836E /* Products */;
			projectDirPath = "";
			projectRoot = "";
			targets = (
				EB049EDA1CC96CE4007F836E /* StackedDrafts */,
			);
		};
/* End PBXProject section */

/* Begin PBXResourcesBuildPhase section */
		EB049ED91CC96CE4007F836E /* Resources */ = {
			isa = PBXResourcesBuildPhase;
			buildActionMask = 2147483647;
			files = (
				EB049F2B1CCEB86D007F836E /* OpenDraftCollectionViewCell.xib in Resources */,
				EB049F1C1CCE8203007F836E /* OpenDraftHeaderOverlayView.contentView.xib in Resources */,
				EB049F111CC977B8007F836E /* OpenDraftsIndicatorView.contentView.xib in Resources */,
			);
			runOnlyForDeploymentPostprocessing = 0;
		};
/* End PBXResourcesBuildPhase section */

/* Begin PBXSourcesBuildPhase section */
		EB049ED61CC96CE4007F836E /* Sources */ = {
			isa = PBXSourcesBuildPhase;
			buildActionMask = 2147483647;
			files = (
				EB049F2A1CCEB86D007F836E /* OpenDraftCollectionViewCell.swift in Sources */,
				EB049F2F1CCFF53D007F836E /* DraftSelectedCollectionViewLayout.swift in Sources */,
				EB049F3C1CD17E23007F836E /* NSCoder.swift in Sources */,
				EB049F091CC97130007F836E /* DraftTransitioningDelegate.swift in Sources */,
				EB049F0F1CC97235007F836E /* DraftDismissalAnimatedTransitioning.swift in Sources */,
				EB049F131CC97809007F836E /* OpenDraftsIndicatorView.swift in Sources */,
				EB049F1E1CCE8291007F836E /* OpenDraftHeaderOverlayView.swift in Sources */,
				EB049F2D1CCFF515007F836E /* PresenterSelectedLayout.swift in Sources */,
				EB049F171CC97EB3007F836E /* OpenDraftsManager.swift in Sources */,
				EB049F311CCFF56F007F836E /* AllDraftsCollectionViewLayout.swift in Sources */,
				EB049F071CC970E5007F836E /* DraftPresentationController.swift in Sources */,
				EB049F201CCE8F0D007F836E /* SingleDraftPresentationAnimatedTransitioning.swift in Sources */,
				EB049F231CCEA049007F836E /* OpenDraftSelectorViewController.swift in Sources */,
				EB049F151CC97BAB007F836E /* NSLayoutConstraint.swift in Sources */,
			);
			runOnlyForDeploymentPostprocessing = 0;
		};
/* End PBXSourcesBuildPhase section */

/* Begin XCBuildConfiguration section */
		EB049EE11CC96CE4007F836E /* Debug */ = {
			isa = XCBuildConfiguration;
			buildSettings = {
				ALWAYS_SEARCH_USER_PATHS = NO;
				CLANG_ANALYZER_NONNULL = YES;
				CLANG_CXX_LANGUAGE_STANDARD = "gnu++0x";
				CLANG_CXX_LIBRARY = "libc++";
				CLANG_ENABLE_MODULES = YES;
				CLANG_ENABLE_OBJC_ARC = YES;
				CLANG_WARN_BOOL_CONVERSION = YES;
				CLANG_WARN_CONSTANT_CONVERSION = YES;
				CLANG_WARN_DIRECT_OBJC_ISA_USAGE = YES_ERROR;
				CLANG_WARN_EMPTY_BODY = YES;
				CLANG_WARN_ENUM_CONVERSION = YES;
				CLANG_WARN_INFINITE_RECURSION = YES;
				CLANG_WARN_INT_CONVERSION = YES;
				CLANG_WARN_OBJC_ROOT_CLASS = YES_ERROR;
				CLANG_WARN_SUSPICIOUS_MOVE = YES;
				CLANG_WARN_UNREACHABLE_CODE = YES;
				CLANG_WARN__DUPLICATE_METHOD_MATCH = YES;
				"CODE_SIGN_IDENTITY[sdk=iphoneos*]" = "iPhone Developer";
				COPY_PHASE_STRIP = NO;
				CURRENT_PROJECT_VERSION = 1;
				DEBUG_INFORMATION_FORMAT = dwarf;
				ENABLE_STRICT_OBJC_MSGSEND = YES;
				ENABLE_TESTABILITY = YES;
				GCC_C_LANGUAGE_STANDARD = gnu99;
				GCC_DYNAMIC_NO_PIC = NO;
				GCC_NO_COMMON_BLOCKS = YES;
				GCC_OPTIMIZATION_LEVEL = 0;
				GCC_PREPROCESSOR_DEFINITIONS = (
					"DEBUG=1",
					"$(inherited)",
				);
				GCC_WARN_64_TO_32_BIT_CONVERSION = YES;
				GCC_WARN_ABOUT_RETURN_TYPE = YES_ERROR;
				GCC_WARN_UNDECLARED_SELECTOR = YES;
				GCC_WARN_UNINITIALIZED_AUTOS = YES_AGGRESSIVE;
				GCC_WARN_UNUSED_FUNCTION = YES;
				GCC_WARN_UNUSED_VARIABLE = YES;
				IPHONEOS_DEPLOYMENT_TARGET = 9.3;
				MTL_ENABLE_DEBUG_INFO = YES;
				ONLY_ACTIVE_ARCH = YES;
				SDKROOT = iphoneos;
				SWIFT_OPTIMIZATION_LEVEL = "-Onone";
				TARGETED_DEVICE_FAMILY = "1,2";
				VERSIONING_SYSTEM = "apple-generic";
				VERSION_INFO_PREFIX = "";
			};
			name = Debug;
		};
		EB049EE21CC96CE4007F836E /* Release */ = {
			isa = XCBuildConfiguration;
			buildSettings = {
				ALWAYS_SEARCH_USER_PATHS = NO;
				CLANG_ANALYZER_NONNULL = YES;
				CLANG_CXX_LANGUAGE_STANDARD = "gnu++0x";
				CLANG_CXX_LIBRARY = "libc++";
				CLANG_ENABLE_MODULES = YES;
				CLANG_ENABLE_OBJC_ARC = YES;
				CLANG_WARN_BOOL_CONVERSION = YES;
				CLANG_WARN_CONSTANT_CONVERSION = YES;
				CLANG_WARN_DIRECT_OBJC_ISA_USAGE = YES_ERROR;
				CLANG_WARN_EMPTY_BODY = YES;
				CLANG_WARN_ENUM_CONVERSION = YES;
				CLANG_WARN_INFINITE_RECURSION = YES;
				CLANG_WARN_INT_CONVERSION = YES;
				CLANG_WARN_OBJC_ROOT_CLASS = YES_ERROR;
				CLANG_WARN_SUSPICIOUS_MOVE = YES;
				CLANG_WARN_UNREACHABLE_CODE = YES;
				CLANG_WARN__DUPLICATE_METHOD_MATCH = YES;
				"CODE_SIGN_IDENTITY[sdk=iphoneos*]" = "iPhone Developer";
				COPY_PHASE_STRIP = NO;
				CURRENT_PROJECT_VERSION = 1;
				DEBUG_INFORMATION_FORMAT = "dwarf-with-dsym";
				ENABLE_NS_ASSERTIONS = NO;
				ENABLE_STRICT_OBJC_MSGSEND = YES;
				GCC_C_LANGUAGE_STANDARD = gnu99;
				GCC_NO_COMMON_BLOCKS = YES;
				GCC_WARN_64_TO_32_BIT_CONVERSION = YES;
				GCC_WARN_ABOUT_RETURN_TYPE = YES_ERROR;
				GCC_WARN_UNDECLARED_SELECTOR = YES;
				GCC_WARN_UNINITIALIZED_AUTOS = YES_AGGRESSIVE;
				GCC_WARN_UNUSED_FUNCTION = YES;
				GCC_WARN_UNUSED_VARIABLE = YES;
				IPHONEOS_DEPLOYMENT_TARGET = 9.3;
				MTL_ENABLE_DEBUG_INFO = NO;
				SDKROOT = iphoneos;
				SWIFT_OPTIMIZATION_LEVEL = "-Owholemodule";
				TARGETED_DEVICE_FAMILY = "1,2";
				VALIDATE_PRODUCT = YES;
				VERSIONING_SYSTEM = "apple-generic";
				VERSION_INFO_PREFIX = "";
			};
			name = Release;
		};
		EB049EE41CC96CE4007F836E /* Debug */ = {
			isa = XCBuildConfiguration;
			buildSettings = {
				CLANG_ENABLE_MODULES = YES;
				"CODE_SIGN_IDENTITY[sdk=iphoneos*]" = "";
				DEFINES_MODULE = YES;
				DYLIB_COMPATIBILITY_VERSION = 1;
				DYLIB_CURRENT_VERSION = 1;
				DYLIB_INSTALL_NAME_BASE = "@rpath";
				INFOPLIST_FILE = StackedDrafts/Info.plist;
				INSTALL_PATH = "$(LOCAL_LIBRARY_DIR)/Frameworks";
				IPHONEOS_DEPLOYMENT_TARGET = 8.0;
				LD_RUNPATH_SEARCH_PATHS = "$(inherited) @executable_path/Frameworks @loader_path/Frameworks";
				PRODUCT_BUNDLE_IDENTIFIER = com.stackexchange.StackedDrafts;
				PRODUCT_NAME = "$(TARGET_NAME)";
				SKIP_INSTALL = YES;
				SWIFT_OPTIMIZATION_LEVEL = "-Onone";
				SWIFT_VERSION = 3.0;
			};
			name = Debug;
		};
		EB049EE51CC96CE4007F836E /* Release */ = {
			isa = XCBuildConfiguration;
			buildSettings = {
				CLANG_ENABLE_MODULES = YES;
				"CODE_SIGN_IDENTITY[sdk=iphoneos*]" = "";
				DEFINES_MODULE = YES;
				DYLIB_COMPATIBILITY_VERSION = 1;
				DYLIB_CURRENT_VERSION = 1;
				DYLIB_INSTALL_NAME_BASE = "@rpath";
				INFOPLIST_FILE = StackedDrafts/Info.plist;
				INSTALL_PATH = "$(LOCAL_LIBRARY_DIR)/Frameworks";
				IPHONEOS_DEPLOYMENT_TARGET = 8.0;
				LD_RUNPATH_SEARCH_PATHS = "$(inherited) @executable_path/Frameworks @loader_path/Frameworks";
				PRODUCT_BUNDLE_IDENTIFIER = com.stackexchange.StackedDrafts;
				PRODUCT_NAME = "$(TARGET_NAME)";
				SKIP_INSTALL = YES;
				SWIFT_VERSION = 3.0;
			};
			name = Release;
		};
/* End XCBuildConfiguration section */

/* Begin XCConfigurationList section */
		EB049ED51CC96CE4007F836E /* Build configuration list for PBXProject "StackedDrafts" */ = {
			isa = XCConfigurationList;
			buildConfigurations = (
				EB049EE11CC96CE4007F836E /* Debug */,
				EB049EE21CC96CE4007F836E /* Release */,
			);
			defaultConfigurationIsVisible = 0;
			defaultConfigurationName = Release;
		};
		EB049EE31CC96CE4007F836E /* Build configuration list for PBXNativeTarget "StackedDrafts" */ = {
			isa = XCConfigurationList;
			buildConfigurations = (
				EB049EE41CC96CE4007F836E /* Debug */,
				EB049EE51CC96CE4007F836E /* Release */,
			);
			defaultConfigurationIsVisible = 0;
			defaultConfigurationName = Release;
		};
/* End XCConfigurationList section */
	};
	rootObject = EB049ED21CC96CE4007F836E /* Project object */;
}
